github.com/MSHE97/bank/v2 v2.0.0 h1:lsmfJ6Sh4hxYCuYyZcyR8IDnpdH+6zM9aMLTppU0VuU=
github.com/MSHE97/bank/v2 v2.0.0/go.mod h1:YCRqjPPqOWKc7jaPHiRr+zwnpiKgRi+KQ5aJOe09698=
github.com/MSHE97/bank/v2 v2.0.1 h1:BZ/nF25qHzbsDqdZdN9qk9ZuqVA6vm3By0VG+FyMXjc=
github.com/MSHE97/bank/v2 v2.0.1/go.mod h1:YCRqjPPqOWKc7jaPHiRr+zwnpiKgRi+KQ5aJOe09698=
github.com/MSHE97/bank/v2 v2.0.2 h1:vjC0pS90E/2V0ISSNvZNEBhgYqjK/w+2xfI8iRtSIRQ=
github.com/MSHE97/bank/v2 v2.0.2/go.mod h1:YCRqjPPqOWKc7jaPHiRr+zwnpiKgRi+KQ5aJOe09698=
