github.com/MSHE97/bank v0.0.0-20210222123459-f15de96f3c5e h1:9M8kr8qnf4VnRit8aKuWF3kg8wBWTnziv1uZwXwWuAk=
github.com/MSHE97/bank v0.0.0-20210222123459-f15de96f3c5e/go.mod h1:aTKVkugdDXZSIP75LukM1OaPESQ6gtFvT9jsR8yEJ1g=
github.com/MSHE97/bank v0.0.0-20210222125608-ebfaf747ed21 h1:enrU1R4T0oIaMbOPKb0Ai9GIbqMw/d6PQ3utcQ+J2DA=
github.com/MSHE97/bank v0.0.0-20210222125608-ebfaf747ed21/go.mod h1:aTKVkugdDXZSIP75LukM1OaPESQ6gtFvT9jsR8yEJ1g=
github.com/MSHE97/bank v0.0.0-20210222133824-b1ed9ffa694c h1:ZLY6dedg+nkmCVB4Shx2y7QQZT0iHWIaJSJWo7vbKmw=
github.com/MSHE97/bank v0.0.0-20210222133824-b1ed9ffa694c/go.mod h1:aTKVkugdDXZSIP75LukM1OaPESQ6gtFvT9jsR8yEJ1g=
